{
  "content_hashes": {
    ".devshell/packages.nix": "sha256:5c1a80e761663dedf9482fe8be05d11fbc9b6a8598e26b0014c4d3d9ff6a3460",
    ".devshell/rust-toolchain.toml": "sha256:4e65ed263aab67039b4c325ded85a514ccfa395c459cac5d93723edbd0e1b60a",
    ".envrc": "sha256:1d26c74fd25a4c3dbb09e029fc609588da499fd4af2a41c88f6316c7f8c54cf1",
    "flake.nix": "sha256:4c4511192564b502d2a8201bebb9545f29c5b7f448b1430d6a444cb0f91b3224"
  },
  "generation_id": "g_20261006T202445Z_e3b0",
  "molecules": [
    {
      "id": "com.github.haexmas.atoms.ast-grep",
      "paths": [
        ".spaex/constitution.md"
      ],
      "revision": "b662c6205d6a1ebd7fac588291f82ea8e78c3d52",
      "source": "https://github.com/haexmas/atoms"
    },
    {
      "id": "com.github.haexmas.atoms.coding-guideline-javascript-typescript",
      "paths": [
        ".spaex/constitution.md"
      ],
      "revision": "b662c6205d6a1ebd7fac588291f82ea8e78c3d52",
      "source": "https://github.com/haexmas/atoms"
    },
    {
      "id": "com.github.haexmas.atoms.coding-guideline-python",
      "paths": [
        ".spaex/constitution.md"
      ],
      "revision": "b662c6205d6a1ebd7fac588291f82ea8e78c3d52",
      "source": "https://github.com/haexmas/atoms"
    },
    {
      "id": "com.github.haexmas.atoms.coding-guideline-rust",
      "paths": [
        ".spaex/constitution.md"
      ],
      "revision": "b662c6205d6a1ebd7fac588291f82ea8e78c3d52",
      "source": "https://github.com/haexmas/atoms"
    },
    {
      "id": "com.github.haexmas.atoms.general-coding",
      "paths": [
        ".spaex/constitution.md"
      ],
      "revision": "b662c6205d6a1ebd7fac588291f82ea8e78c3d52",
      "source": "https://github.com/haexmas/atoms"
    },
    {
      "hook_status": "failed",
      "id": "com.github.haexmas.atoms.graphify-first-authoring",
      "paths": [
        ".spaex/constitution.md"
      ],
      "revision": "b662c6205d6a1ebd7fac588291f82ea8e78c3d52",
      "source": "https://github.com/haexmas/atoms"
    },
    {
      "id": "com.github.haexmas.atoms.holzi",
      "paths": [
        ".devshell/packages.nix",
        ".devshell/rust-toolchain.toml",
        ".spaex/generated/nix-packages.json"
      ],
      "revision": "b662c6205d6a1ebd7fac588291f82ea8e78c3d52",
      "source": "https://github.com/haexmas/atoms"
    },
    {
      "hook_status": "ok",
      "id": "com.github.haexmas.atoms.nix-devshell-base",
      "paths": [
        ".envrc",
        "flake.nix"
      ],
      "revision": "b662c6205d6a1ebd7fac588291f82ea8e78c3d52",
      "source": "https://github.com/haexmas/atoms"
    },
    {
      "id": "com.github.haexmas.atoms.nix-nodejs",
      "paths": [
        ".spaex/generated/nix-packages.json"
      ],
      "revision": "b662c6205d6a1ebd7fac588291f82ea8e78c3d52",
      "source": "https://github.com/haexmas/atoms"
    },
    {
      "id": "com.github.haexmas.atoms.nix-rust",
      "paths": [
        ".spaex/generated/nix-packages.json"
      ],
      "revision": "b662c6205d6a1ebd7fac588291f82ea8e78c3d52",
      "source": "https://github.com/haexmas/atoms"
    },
    {
      "id": "com.github.haexmas.atoms.ponytail",
      "paths": [
        ".spaex/constitution.md"
      ],
      "revision": "b662c6205d6a1ebd7fac588291f82ea8e78c3d52",
      "source": "https://github.com/haexmas/atoms"
    },
    {
      "id": "com.github.haexmas.atoms.spaex-constitution",
      "paths": [
        ".spaex/constitution.md"
      ],
      "revision": "b662c6205d6a1ebd7fac588291f82ea8e78c3d52",
      "source": "https://github.com/haexmas/atoms"
    },
    {
      "id": "com.github.haexmas.atoms.speckit",
      "paths": [],
      "revision": "b662c6205d6a1ebd7fac588291f82ea8e78c3d52",
      "source": "https://github.com/haexmas/atoms",
      "speckit": {
        "cli_version": "1.0.11",
        "declaration_fingerprint": "sha256:a0d4b23acd3a85719053a17388dcb1ff6d9da9d825c164aaa24253a7b575331b",
        "outcomes": {
          "claude": "installed"
        },
        "selected": [
          "claude"
        ]
      }
    }
  ],
  "spaex_version": "4"
}
