{
  "content_hashes": {
    ".envrc": "sha256:1d26c74fd25a4c3dbb09e029fc609588da499fd4af2a41c88f6316c7f8c54cf1",
    "flake.nix": "sha256:3f806a5d54b015a219a7520336e7c2b56c5d6d8a73475cf4e5d304eee718abc5"
  },
  "generation_id": "g_20260918T110932Z_e3b0",
  "molecules": [
    {
      "id": "com.github.haexmas.atoms.coding-guideline-javascript-typescript",
      "paths": [
        ".spaex/constitution.md"
      ],
      "revision": "7c1a7e136d4a1b4c0bef85688f37e6def023f93a",
      "source": "https://github.com/haexmas/atoms"
    },
    {
      "id": "com.github.haexmas.atoms.coding-guideline-rust",
      "paths": [
        ".spaex/constitution.md"
      ],
      "revision": "7c1a7e136d4a1b4c0bef85688f37e6def023f93a",
      "source": "https://github.com/haexmas/atoms"
    },
    {
      "id": "com.github.haexmas.atoms.general-coding",
      "paths": [
        ".spaex/constitution.md"
      ],
      "revision": "7c1a7e136d4a1b4c0bef85688f37e6def023f93a",
      "source": "https://github.com/haexmas/atoms"
    },
    {
      "hook_status": "failed",
      "id": "com.github.haexmas.atoms.graphify-first-authoring",
      "paths": [
        ".spaex/constitution.md"
      ],
      "revision": "7c1a7e136d4a1b4c0bef85688f37e6def023f93a",
      "source": "https://github.com/haexmas/atoms"
    },
    {
      "id": "com.github.haexmas.atoms.holzi",
      "paths": [
        ".spaex/generated/nix-packages.json"
      ],
      "revision": "7c1a7e136d4a1b4c0bef85688f37e6def023f93a",
      "source": "https://github.com/haexmas/atoms"
    },
    {
      "hook_status": "ok",
      "id": "com.github.haexmas.atoms.nix-devshell-base",
      "paths": [
        ".envrc",
        "flake.nix"
      ],
      "revision": "7c1a7e136d4a1b4c0bef85688f37e6def023f93a",
      "source": "https://github.com/haexmas/atoms"
    },
    {
      "id": "com.github.haexmas.atoms.nix-nodejs",
      "paths": [
        ".spaex/generated/nix-packages.json"
      ],
      "revision": "7c1a7e136d4a1b4c0bef85688f37e6def023f93a",
      "source": "https://github.com/haexmas/atoms"
    },
    {
      "id": "com.github.haexmas.atoms.nix-rust",
      "paths": [
        ".spaex/generated/nix-packages.json"
      ],
      "revision": "7c1a7e136d4a1b4c0bef85688f37e6def023f93a",
      "source": "https://github.com/haexmas/atoms"
    },
    {
      "id": "com.github.haexmas.atoms.ponytail",
      "paths": [
        ".spaex/constitution.md"
      ],
      "revision": "7c1a7e136d4a1b4c0bef85688f37e6def023f93a",
      "source": "https://github.com/haexmas/atoms"
    },
    {
      "id": "com.github.haexmas.atoms.speckit",
      "paths": [],
      "revision": "7c1a7e136d4a1b4c0bef85688f37e6def023f93a",
      "source": "https://github.com/haexmas/atoms",
      "speckit": {
        "cli_version": "1.0.6",
        "declaration_fingerprint": "sha256:62298fc8d1c26f4e8b847e1b882bbb1717ae859c44060ef401c19ccc820d4224",
        "outcomes": {
          "claude": "installed",
          "codex": "installed"
        },
        "selected": [
          "claude",
          "codex"
        ]
      }
    }
  ],
  "spaex_version": "4"
}
